
Microsoft Visual Studio Solution File, Format Version 12.00
# Visual Studio Version 16
VisualStudioVersion = 16.0.31205.134
MinimumVisualStudioVersion = 10.0.40219.1
Project("{FAE04EC0-301F-11D3-BF4B-00C04F79EFBC}") = "SeasonsLib", "SeasonsLib.csproj", "{61F53A84-0CC2-466E-A701-6CDC0DDC9993}"
EndProject
Project("{FAE04EC0-301F-11D3-BF4B-00C04F79EFBC}") = "SeasonsLib.Tests", "..\SeasonsLib.Tests\SeasonsLib.Tests.csproj", "{F057E309-948B-4809-90EC-EDB7C3F4AE3D}"
EndProject
Global
	GlobalSection(SolutionConfigurationPlatforms) = preSolution
		Debug|Any CPU = Debug|Any CPU
		Release|Any CPU = Release|Any CPU
	EndGlobalSection
	GlobalSection(ProjectConfigurationPlatforms) = postSolution
		{61F53A84-0CC2-466E-A701-6CDC0DDC9993}.Debug|Any CPU.ActiveCfg = Debug|Any CPU
		{61F53A84-0CC2-466E-A701-6CDC0DDC9993}.Debug|Any CPU.Build.0 = Debug|Any CPU
		{61F53A84-0CC2-466E-A701-6CDC0DDC9993}.Release|Any CPU.ActiveCfg = Release|Any CPU
		{61F53A84-0CC2-466E-A701-6CDC0DDC9993}.Release|Any CPU.Build.0 = Release|Any CPU
		{F057E309-948B-4809-90EC-EDB7C3F4AE3D}.Debug|Any CPU.ActiveCfg = Debug|Any CPU
		{F057E309-948B-4809-90EC-EDB7C3F4AE3D}.Debug|Any CPU.Build.0 = Debug|Any CPU
		{F057E309-948B-4809-90EC-EDB7C3F4AE3D}.Release|Any CPU.ActiveCfg = Release|Any CPU
		{F057E309-948B-4809-90EC-EDB7C3F4AE3D}.Release|Any CPU.Build.0 = Release|Any CPU
	EndGlobalSection
	GlobalSection(SolutionProperties) = preSolution
		HideSolutionNode = FALSE
	EndGlobalSection
	GlobalSection(ExtensibilityGlobals) = postSolution
		SolutionGuid = {8707AB31-5C90-4973-B636-516A035D0299}
	EndGlobalSection
EndGlobal
