
Microsoft Visual Studio Solution File, Format Version 12.00
# Visual Studio Version 16
VisualStudioVersion = 16.0.31424.327
MinimumVisualStudioVersion = 10.0.40219.1
Project("{FAE04EC0-301F-11D3-BF4B-00C04F79EFBC}") = "Multithreading Sample", "Multithreading Sample.csproj", "{3F58D592-359D-43B8-9F77-7E257EE383A6}"
EndProject
Global
	GlobalSection(SolutionConfigurationPlatforms) = preSolution
		Debug|Any CPU = Debug|Any CPU
		Release|Any CPU = Release|Any CPU
	EndGlobalSection
	GlobalSection(ProjectConfigurationPlatforms) = postSolution
		{3F58D592-359D-43B8-9F77-7E257EE383A6}.Debug|Any CPU.ActiveCfg = Debug|Any CPU
		{3F58D592-359D-43B8-9F77-7E257EE383A6}.Debug|Any CPU.Build.0 = Debug|Any CPU
		{3F58D592-359D-43B8-9F77-7E257EE383A6}.Release|Any CPU.ActiveCfg = Release|Any CPU
		{3F58D592-359D-43B8-9F77-7E257EE383A6}.Release|Any CPU.Build.0 = Release|Any CPU
	EndGlobalSection
	GlobalSection(SolutionProperties) = preSolution
		HideSolutionNode = FALSE
	EndGlobalSection
	GlobalSection(ExtensibilityGlobals) = postSolution
		SolutionGuid = {B916856E-D8A5-4212-866E-7C275740841D}
	EndGlobalSection
EndGlobal
