
Microsoft Visual Studio Solution File, Format Version 12.00
# Visual Studio Version 16
VisualStudioVersion = 16.0.31424.327
MinimumVisualStudioVersion = 10.0.40219.1
Project("{FAE04EC0-301F-11D3-BF4B-00C04F79EFBC}") = "ConverterLib", "ConverterLib.csproj", "{8AAD718B-9383-4DAB-ACE8-39C6F3846C24}"
EndProject
Project("{FAE04EC0-301F-11D3-BF4B-00C04F79EFBC}") = "CurrencyConverterApp", "..\CurrencyConverterApp\CurrencyConverterApp.csproj", "{0C880CF3-6964-449E-816A-D5B4BE61D676}"
EndProject
Project("{FAE04EC0-301F-11D3-BF4B-00C04F79EFBC}") = "ConverterLib.tests", "..\ConverterLib.tests\ConverterLib.tests.csproj", "{9C63C477-7046-4CBC-93D5-DCAC993680FD}"
EndProject
Global
	GlobalSection(SolutionConfigurationPlatforms) = preSolution
		Debug|Any CPU = Debug|Any CPU
		Release|Any CPU = Release|Any CPU
	EndGlobalSection
	GlobalSection(ProjectConfigurationPlatforms) = postSolution
		{8AAD718B-9383-4DAB-ACE8-39C6F3846C24}.Debug|Any CPU.ActiveCfg = Debug|Any CPU
		{8AAD718B-9383-4DAB-ACE8-39C6F3846C24}.Debug|Any CPU.Build.0 = Debug|Any CPU
		{8AAD718B-9383-4DAB-ACE8-39C6F3846C24}.Release|Any CPU.ActiveCfg = Release|Any CPU
		{8AAD718B-9383-4DAB-ACE8-39C6F3846C24}.Release|Any CPU.Build.0 = Release|Any CPU
		{0C880CF3-6964-449E-816A-D5B4BE61D676}.Debug|Any CPU.ActiveCfg = Debug|Any CPU
		{0C880CF3-6964-449E-816A-D5B4BE61D676}.Debug|Any CPU.Build.0 = Debug|Any CPU
		{0C880CF3-6964-449E-816A-D5B4BE61D676}.Release|Any CPU.ActiveCfg = Release|Any CPU
		{0C880CF3-6964-449E-816A-D5B4BE61D676}.Release|Any CPU.Build.0 = Release|Any CPU
		{9C63C477-7046-4CBC-93D5-DCAC993680FD}.Debug|Any CPU.ActiveCfg = Debug|Any CPU
		{9C63C477-7046-4CBC-93D5-DCAC993680FD}.Debug|Any CPU.Build.0 = Debug|Any CPU
		{9C63C477-7046-4CBC-93D5-DCAC993680FD}.Release|Any CPU.ActiveCfg = Release|Any CPU
		{9C63C477-7046-4CBC-93D5-DCAC993680FD}.Release|Any CPU.Build.0 = Release|Any CPU
	EndGlobalSection
	GlobalSection(SolutionProperties) = preSolution
		HideSolutionNode = FALSE
	EndGlobalSection
	GlobalSection(ExtensibilityGlobals) = postSolution
		SolutionGuid = {54FC7020-C50B-4263-B88F-E446F9E93368}
	EndGlobalSection
EndGlobal
