
Microsoft Visual Studio Solution File, Format Version 12.00
# Visual Studio Version 16
VisualStudioVersion = 16.0.31424.327
MinimumVisualStudioVersion = 10.0.40219.1
Project("{FAE04EC0-301F-11D3-BF4B-00C04F79EFBC}") = "Helloworldwithmvc", "Helloworldwithmvc.csproj", "{DFF6EE61-0528-4C63-933B-DDE7E9A65FEA}"
EndProject
Global
	GlobalSection(SolutionConfigurationPlatforms) = preSolution
		Debug|Any CPU = Debug|Any CPU
		Release|Any CPU = Release|Any CPU
	EndGlobalSection
	GlobalSection(ProjectConfigurationPlatforms) = postSolution
		{DFF6EE61-0528-4C63-933B-DDE7E9A65FEA}.Debug|Any CPU.ActiveCfg = Debug|Any CPU
		{DFF6EE61-0528-4C63-933B-DDE7E9A65FEA}.Debug|Any CPU.Build.0 = Debug|Any CPU
		{DFF6EE61-0528-4C63-933B-DDE7E9A65FEA}.Release|Any CPU.ActiveCfg = Release|Any CPU
		{DFF6EE61-0528-4C63-933B-DDE7E9A65FEA}.Release|Any CPU.Build.0 = Release|Any CPU
	EndGlobalSection
	GlobalSection(SolutionProperties) = preSolution
		HideSolutionNode = FALSE
	EndGlobalSection
	GlobalSection(ExtensibilityGlobals) = postSolution
		SolutionGuid = {82E3946D-1727-4FEC-AA2C-2E48C33CF9EE}
	EndGlobalSection
EndGlobal
