
Microsoft Visual Studio Solution File, Format Version 12.00
# Visual Studio Version 16
VisualStudioVersion = 16.0.31424.327
MinimumVisualStudioVersion = 10.0.40219.1
Project("{FAE04EC0-301F-11D3-BF4B-00C04F79EFBC}") = "Logging", "Logging.csproj", "{8D4D1C1B-E71D-4B22-96CE-B515199446DA}"
EndProject
Global
	GlobalSection(SolutionConfigurationPlatforms) = preSolution
		Debug|Any CPU = Debug|Any CPU
		Release|Any CPU = Release|Any CPU
	EndGlobalSection
	GlobalSection(ProjectConfigurationPlatforms) = postSolution
		{8D4D1C1B-E71D-4B22-96CE-B515199446DA}.Debug|Any CPU.ActiveCfg = Debug|Any CPU
		{8D4D1C1B-E71D-4B22-96CE-B515199446DA}.Debug|Any CPU.Build.0 = Debug|Any CPU
		{8D4D1C1B-E71D-4B22-96CE-B515199446DA}.Release|Any CPU.ActiveCfg = Release|Any CPU
		{8D4D1C1B-E71D-4B22-96CE-B515199446DA}.Release|Any CPU.Build.0 = Release|Any CPU
	EndGlobalSection
	GlobalSection(SolutionProperties) = preSolution
		HideSolutionNode = FALSE
	EndGlobalSection
	GlobalSection(ExtensibilityGlobals) = postSolution
		SolutionGuid = {0AA60895-440E-47DE-BD0E-83AACE7A9E77}
	EndGlobalSection
EndGlobal
