
Microsoft Visual Studio Solution File, Format Version 12.00
# Visual Studio Version 16
VisualStudioVersion = 16.0.31205.134
MinimumVisualStudioVersion = 10.0.40219.1
Project("{FAE04EC0-301F-11D3-BF4B-00C04F79EFBC}") = "CollectionsLib", "CollectionsLib.csproj", "{EE7E3E2A-3F1F-45FE-BDBF-1B0E78BBE229}"
EndProject
Project("{FAE04EC0-301F-11D3-BF4B-00C04F79EFBC}") = "CollectionsLibTest", "..\CollectionsLibTest\CollectionsLibTest.csproj", "{52197339-8C12-4058-B79C-C44D5CF26025}"
EndProject
Global
	GlobalSection(SolutionConfigurationPlatforms) = preSolution
		Debug|Any CPU = Debug|Any CPU
		Release|Any CPU = Release|Any CPU
	EndGlobalSection
	GlobalSection(ProjectConfigurationPlatforms) = postSolution
		{EE7E3E2A-3F1F-45FE-BDBF-1B0E78BBE229}.Debug|Any CPU.ActiveCfg = Debug|Any CPU
		{EE7E3E2A-3F1F-45FE-BDBF-1B0E78BBE229}.Debug|Any CPU.Build.0 = Debug|Any CPU
		{EE7E3E2A-3F1F-45FE-BDBF-1B0E78BBE229}.Release|Any CPU.ActiveCfg = Release|Any CPU
		{EE7E3E2A-3F1F-45FE-BDBF-1B0E78BBE229}.Release|Any CPU.Build.0 = Release|Any CPU
		{52197339-8C12-4058-B79C-C44D5CF26025}.Debug|Any CPU.ActiveCfg = Debug|Any CPU
		{52197339-8C12-4058-B79C-C44D5CF26025}.Debug|Any CPU.Build.0 = Debug|Any CPU
		{52197339-8C12-4058-B79C-C44D5CF26025}.Release|Any CPU.ActiveCfg = Release|Any CPU
		{52197339-8C12-4058-B79C-C44D5CF26025}.Release|Any CPU.Build.0 = Release|Any CPU
	EndGlobalSection
	GlobalSection(SolutionProperties) = preSolution
		HideSolutionNode = FALSE
	EndGlobalSection
	GlobalSection(ExtensibilityGlobals) = postSolution
		SolutionGuid = {AFF1694A-147A-4E36-A578-6AC4B433EB79}
	EndGlobalSection
EndGlobal
