
Microsoft Visual Studio Solution File, Format Version 12.00
# Visual Studio Version 16
VisualStudioVersion = 16.0.31205.134
MinimumVisualStudioVersion = 10.0.40219.1
Project("{FAE04EC0-301F-11D3-BF4B-00C04F79EFBC}") = "AccountsManagerLib", "AccountsManagerLib.csproj", "{69F6B8E8-3E32-4E32-AC3F-D92781775C30}"
EndProject
Project("{FAE04EC0-301F-11D3-BF4B-00C04F79EFBC}") = "AccountManagerLibTest", "..\AccountManagerLibTest\AccountManagerLibTest.csproj", "{43C924AC-D391-4690-9C0A-D3E827FB134F}"
EndProject
Global
	GlobalSection(SolutionConfigurationPlatforms) = preSolution
		Debug|Any CPU = Debug|Any CPU
		Release|Any CPU = Release|Any CPU
	EndGlobalSection
	GlobalSection(ProjectConfigurationPlatforms) = postSolution
		{69F6B8E8-3E32-4E32-AC3F-D92781775C30}.Debug|Any CPU.ActiveCfg = Debug|Any CPU
		{69F6B8E8-3E32-4E32-AC3F-D92781775C30}.Debug|Any CPU.Build.0 = Debug|Any CPU
		{69F6B8E8-3E32-4E32-AC3F-D92781775C30}.Release|Any CPU.ActiveCfg = Release|Any CPU
		{69F6B8E8-3E32-4E32-AC3F-D92781775C30}.Release|Any CPU.Build.0 = Release|Any CPU
		{43C924AC-D391-4690-9C0A-D3E827FB134F}.Debug|Any CPU.ActiveCfg = Debug|Any CPU
		{43C924AC-D391-4690-9C0A-D3E827FB134F}.Debug|Any CPU.Build.0 = Debug|Any CPU
		{43C924AC-D391-4690-9C0A-D3E827FB134F}.Release|Any CPU.ActiveCfg = Release|Any CPU
		{43C924AC-D391-4690-9C0A-D3E827FB134F}.Release|Any CPU.Build.0 = Release|Any CPU
	EndGlobalSection
	GlobalSection(SolutionProperties) = preSolution
		HideSolutionNode = FALSE
	EndGlobalSection
	GlobalSection(ExtensibilityGlobals) = postSolution
		SolutionGuid = {64B88261-5480-4375-95C2-424CE40DA605}
	EndGlobalSection
EndGlobal
