
Microsoft Visual Studio Solution File, Format Version 12.00
# Visual Studio Version 16
VisualStudioVersion = 16.0.31424.327
MinimumVisualStudioVersion = 10.0.40219.1
Project("{FAE04EC0-301F-11D3-BF4B-00C04F79EFBC}") = "CodeAnalysis", "CodeAnalysis.csproj", "{50C89035-15A2-41F6-AE70-9FC74298A8C4}"
EndProject
Project("{2150E333-8FDC-42A3-9474-1A3956D46DE8}") = "Solution Items", "Solution Items", "{D3D345DE-2421-476B-BDCA-67244974255F}"
	ProjectSection(SolutionItems) = preProject
		.editorconfig = .editorconfig
		RuleSet1.ruleset = RuleSet1.ruleset
	EndProjectSection
EndProject
Global
	GlobalSection(SolutionConfigurationPlatforms) = preSolution
		Debug|Any CPU = Debug|Any CPU
		Release|Any CPU = Release|Any CPU
	EndGlobalSection
	GlobalSection(ProjectConfigurationPlatforms) = postSolution
		{50C89035-15A2-41F6-AE70-9FC74298A8C4}.Debug|Any CPU.ActiveCfg = Debug|Any CPU
		{50C89035-15A2-41F6-AE70-9FC74298A8C4}.Debug|Any CPU.Build.0 = Debug|Any CPU
		{50C89035-15A2-41F6-AE70-9FC74298A8C4}.Release|Any CPU.ActiveCfg = Release|Any CPU
		{50C89035-15A2-41F6-AE70-9FC74298A8C4}.Release|Any CPU.Build.0 = Release|Any CPU
	EndGlobalSection
	GlobalSection(SolutionProperties) = preSolution
		HideSolutionNode = FALSE
	EndGlobalSection
	GlobalSection(ExtensibilityGlobals) = postSolution
		SolutionGuid = {B7FD2D04-BF09-4CC3-98FC-2C0DA3069CDD}
	EndGlobalSection
EndGlobal
